// !$*UTF8*$!
{
	archiveVersion = 1;
	classes = {
	};
	objectVersion = 46;
	objects = {

/* Begin PBXBuildFile section */
		6A48C28A1EB1F08100ACE032 /* PKLabel.swift in Sources */ = {isa = PBXBuildFile; fileRef = 6A48C2891EB1F08100ACE032 /* PKLabel.swift */; };
		6A48C28C1EB1F11A00ACE032 /* PKTextView.swift in Sources */ = {isa = PBXBuildFile; fileRef = 6A48C28B1EB1F11A00ACE032 /* PKTextView.swift */; };
		6ABE95F61EB09EF0005961C5 /* playkit.h in Headers */ = {isa = PBXBuildFile; fileRef = 6ABE95F41EB09EF0005961C5 /* playkit.h */; settings = {ATTRIBUTES = (Public, ); }; };
		6ABE96051EB09F35005961C5 /* networkservice.h in Headers */ = {isa = PBXBuildFile; fileRef = 6ABE96031EB09F35005961C5 /* networkservice.h */; settings = {ATTRIBUTES = (Public, ); }; };
		6ABE960D1EB09F41005961C5 /* DownloadClient.swift in Sources */ = {isa = PBXBuildFile; fileRef = 6ABE96091EB09F41005961C5 /* DownloadClient.swift */; };
		6ABE960E1EB09F41005961C5 /* NetworkClient.swift in Sources */ = {isa = PBXBuildFile; fileRef = 6ABE960A1EB09F41005961C5 /* NetworkClient.swift */; };
		6ABE960F1EB09F41005961C5 /* RequestEntity.swift in Sources */ = {isa = PBXBuildFile; fileRef = 6ABE960B1EB09F41005961C5 /* RequestEntity.swift */; };
		6ABE96101EB09F41005961C5 /* RxAlamofire.swift in Sources */ = {isa = PBXBuildFile; fileRef = 6ABE960C1EB09F41005961C5 /* RxAlamofire.swift */; };
		6ABE961A1EB09F54005961C5 /* cacheservice.h in Headers */ = {isa = PBXBuildFile; fileRef = 6ABE96181EB09F54005961C5 /* cacheservice.h */; settings = {ATTRIBUTES = (Public, ); }; };
		6ABE961F1EB09F5F005961C5 /* CacheClient.swift in Sources */ = {isa = PBXBuildFile; fileRef = 6ABE961E1EB09F5F005961C5 /* CacheClient.swift */; };
		6ABE96291EB09F73005961C5 /* imagepicker.h in Headers */ = {isa = PBXBuildFile; fileRef = 6ABE96271EB09F73005961C5 /* imagepicker.h */; settings = {ATTRIBUTES = (Public, ); }; };
		6ABE96421EB09F7F005961C5 /* AlbumViewController.swift in Sources */ = {isa = PBXBuildFile; fileRef = 6ABE962D1EB09F7F005961C5 /* AlbumViewController.swift */; };
		6ABE96431EB09F7F005961C5 /* CameraViewController.swift in Sources */ = {isa = PBXBuildFile; fileRef = 6ABE962E1EB09F7F005961C5 /* CameraViewController.swift */; };
		6ABE96441EB09F7F005961C5 /* AlbumManager.swift in Sources */ = {isa = PBXBuildFile; fileRef = 6ABE96301EB09F7F005961C5 /* AlbumManager.swift */; };
		6ABE96451EB09F7F005961C5 /* ImagePickerConfig.swift in Sources */ = {isa = PBXBuildFile; fileRef = 6ABE96311EB09F7F005961C5 /* ImagePickerConfig.swift */; };
		6ABE96461EB09F7F005961C5 /* ImagePickerModel.swift in Sources */ = {isa = PBXBuildFile; fileRef = 6ABE96321EB09F7F005961C5 /* ImagePickerModel.swift */; };
		6ABE96471EB09F7F005961C5 /* PhotoViewModel.swift in Sources */ = {isa = PBXBuildFile; fileRef = 6ABE96331EB09F7F005961C5 /* PhotoViewModel.swift */; };
		6ABE96481EB09F7F005961C5 /* UIImage+ImagePicker.swift in Sources */ = {isa = PBXBuildFile; fileRef = 6ABE96351EB09F7F005961C5 /* UIImage+ImagePicker.swift */; };
		6ABE96491EB09F7F005961C5 /* ValueObserver.swift in Sources */ = {isa = PBXBuildFile; fileRef = 6ABE96361EB09F7F005961C5 /* ValueObserver.swift */; };
		6ABE964A1EB09F7F005961C5 /* VLFMaker.swift in Sources */ = {isa = PBXBuildFile; fileRef = 6ABE96371EB09F7F005961C5 /* VLFMaker.swift */; };
		6ABE964B1EB09F7F005961C5 /* ImagePickerViewController.swift in Sources */ = {isa = PBXBuildFile; fileRef = 6ABE96381EB09F7F005961C5 /* ImagePickerViewController.swift */; };
		6ABE964C1EB09F7F005961C5 /* PhotoViewController.swift in Sources */ = {isa = PBXBuildFile; fileRef = 6ABE96391EB09F7F005961C5 /* PhotoViewController.swift */; };
		6ABE964D1EB09F7F005961C5 /* Image.bundle in Resources */ = {isa = PBXBuildFile; fileRef = 6ABE963B1EB09F7F005961C5 /* Image.bundle */; };
		6ABE964E1EB09F7F005961C5 /* AlbumTableViewCell.swift in Sources */ = {isa = PBXBuildFile; fileRef = 6ABE963D1EB09F7F005961C5 /* AlbumTableViewCell.swift */; };
		6ABE964F1EB09F7F005961C5 /* CameraView.swift in Sources */ = {isa = PBXBuildFile; fileRef = 6ABE963E1EB09F7F005961C5 /* CameraView.swift */; };
		6ABE96501EB09F7F005961C5 /* ImagePickerTitleView.swift in Sources */ = {isa = PBXBuildFile; fileRef = 6ABE963F1EB09F7F005961C5 /* ImagePickerTitleView.swift */; };
		6ABE96511EB09F7F005961C5 /* NavigationBar.swift in Sources */ = {isa = PBXBuildFile; fileRef = 6ABE96401EB09F7F005961C5 /* NavigationBar.swift */; };
		6ABE96521EB09F7F005961C5 /* PhotoCollectionViewCell.swift in Sources */ = {isa = PBXBuildFile; fileRef = 6ABE96411EB09F7F005961C5 /* PhotoCollectionViewCell.swift */; };
/* End PBXBuildFile section */

/* Begin PBXFileReference section */
		6A48C2891EB1F08100ACE032 /* PKLabel.swift */ = {isa = PBXFileReference; fileEncoding = 4; lastKnownFileType = sourcecode.swift; path = PKLabel.swift; sourceTree = "<group>"; };
		6A48C28B1EB1F11A00ACE032 /* PKTextView.swift */ = {isa = PBXFileReference; fileEncoding = 4; lastKnownFileType = sourcecode.swift; path = PKTextView.swift; sourceTree = "<group>"; };
		6ABE95F11EB09EF0005961C5 /* playkit.framework */ = {isa = PBXFileReference; explicitFileType = wrapper.framework; includeInIndex = 0; path = playkit.framework; sourceTree = BUILT_PRODUCTS_DIR; };
		6ABE95F41EB09EF0005961C5 /* playkit.h */ = {isa = PBXFileReference; lastKnownFileType = sourcecode.c.h; path = playkit.h; sourceTree = "<group>"; };
		6ABE95F51EB09EF0005961C5 /* Info.plist */ = {isa = PBXFileReference; lastKnownFileType = text.plist.xml; path = Info.plist; sourceTree = "<group>"; };
		6ABE96011EB09F35005961C5 /* NetworkService.framework */ = {isa = PBXFileReference; explicitFileType = wrapper.framework; includeInIndex = 0; path = NetworkService.framework; sourceTree = BUILT_PRODUCTS_DIR; };
		6ABE96031EB09F35005961C5 /* networkservice.h */ = {isa = PBXFileReference; lastKnownFileType = sourcecode.c.h; path = networkservice.h; sourceTree = "<group>"; };
		6ABE96041EB09F35005961C5 /* Info.plist */ = {isa = PBXFileReference; lastKnownFileType = text.plist.xml; path = Info.plist; sourceTree = "<group>"; };
		6ABE96091EB09F41005961C5 /* DownloadClient.swift */ = {isa = PBXFileReference; fileEncoding = 4; lastKnownFileType = sourcecode.swift; path = DownloadClient.swift; sourceTree = "<group>"; };
		6ABE960A1EB09F41005961C5 /* NetworkClient.swift */ = {isa = PBXFileReference; fileEncoding = 4; lastKnownFileType = sourcecode.swift; path = NetworkClient.swift; sourceTree = "<group>"; };
		6ABE960B1EB09F41005961C5 /* RequestEntity.swift */ = {isa = PBXFileReference; fileEncoding = 4; lastKnownFileType = sourcecode.swift; path = RequestEntity.swift; sourceTree = "<group>"; };
		6ABE960C1EB09F41005961C5 /* RxAlamofire.swift */ = {isa = PBXFileReference; fileEncoding = 4; lastKnownFileType = sourcecode.swift; path = RxAlamofire.swift; sourceTree = "<group>"; };
		6ABE96161EB09F54005961C5 /* CacheService.framework */ = {isa = PBXFileReference; explicitFileType = wrapper.framework; includeInIndex = 0; path = CacheService.framework; sourceTree = BUILT_PRODUCTS_DIR; };
		6ABE96181EB09F54005961C5 /* cacheservice.h */ = {isa = PBXFileReference; lastKnownFileType = sourcecode.c.h; path = cacheservice.h; sourceTree = "<group>"; };
		6ABE96191EB09F54005961C5 /* Info.plist */ = {isa = PBXFileReference; lastKnownFileType = text.plist.xml; path = Info.plist; sourceTree = "<group>"; };
		6ABE961E1EB09F5F005961C5 /* CacheClient.swift */ = {isa = PBXFileReference; fileEncoding = 4; lastKnownFileType = sourcecode.swift; path = CacheClient.swift; sourceTree = "<group>"; };
		6ABE96251EB09F73005961C5 /* ImagePicker.framework */ = {isa = PBXFileReference; explicitFileType = wrapper.framework; includeInIndex = 0; path = ImagePicker.framework; sourceTree = BUILT_PRODUCTS_DIR; };
		6ABE96271EB09F73005961C5 /* imagepicker.h */ = {isa = PBXFileReference; lastKnownFileType = sourcecode.c.h; path = imagepicker.h; sourceTree = "<group>"; };
		6ABE96281EB09F73005961C5 /* Info.plist */ = {isa = PBXFileReference; lastKnownFileType = text.plist.xml; path = Info.plist; sourceTree = "<group>"; };
		6ABE962D1EB09F7F005961C5 /* AlbumViewController.swift */ = {isa = PBXFileReference; fileEncoding = 4; lastKnownFileType = sourcecode.swift; path = AlbumViewController.swift; sourceTree = "<group>"; };
		6ABE962E1EB09F7F005961C5 /* CameraViewController.swift */ = {isa = PBXFileReference; fileEncoding = 4; lastKnownFileType = sourcecode.swift; path = CameraViewController.swift; sourceTree = "<group>"; };
		6ABE96301EB09F7F005961C5 /* AlbumManager.swift */ = {isa = PBXFileReference; fileEncoding = 4; lastKnownFileType = sourcecode.swift; path = AlbumManager.swift; sourceTree = "<group>"; };
		6ABE96311EB09F7F005961C5 /* ImagePickerConfig.swift */ = {isa = PBXFileReference; fileEncoding = 4; lastKnownFileType = sourcecode.swift; path = ImagePickerConfig.swift; sourceTree = "<group>"; };
		6ABE96321EB09F7F005961C5 /* ImagePickerModel.swift */ = {isa = PBXFileReference; fileEncoding = 4; lastKnownFileType = sourcecode.swift; path = ImagePickerModel.swift; sourceTree = "<group>"; };
		6ABE96331EB09F7F005961C5 /* PhotoViewModel.swift */ = {isa = PBXFileReference; fileEncoding = 4; lastKnownFileType = sourcecode.swift; path = PhotoViewModel.swift; sourceTree = "<group>"; };
		6ABE96351EB09F7F005961C5 /* UIImage+ImagePicker.swift */ = {isa = PBXFileReference; fileEncoding = 4; lastKnownFileType = sourcecode.swift; path = "UIImage+ImagePicker.swift"; sourceTree = "<group>"; };
		6ABE96361EB09F7F005961C5 /* ValueObserver.swift */ = {isa = PBXFileReference; fileEncoding = 4; lastKnownFileType = sourcecode.swift; path = ValueObserver.swift; sourceTree = "<group>"; };
		6ABE96371EB09F7F005961C5 /* VLFMaker.swift */ = {isa = PBXFileReference; fileEncoding = 4; lastKnownFileType = sourcecode.swift; path = VLFMaker.swift; sourceTree = "<group>"; };
		6ABE96381EB09F7F005961C5 /* ImagePickerViewController.swift */ = {isa = PBXFileReference; fileEncoding = 4; lastKnownFileType = sourcecode.swift; path = ImagePickerViewController.swift; sourceTree = "<group>"; };
		6ABE96391EB09F7F005961C5 /* PhotoViewController.swift */ = {isa = PBXFileReference; fileEncoding = 4; lastKnownFileType = sourcecode.swift; path = PhotoViewController.swift; sourceTree = "<group>"; };
		6ABE963B1EB09F7F005961C5 /* Image.bundle */ = {isa = PBXFileReference; lastKnownFileType = "wrapper.plug-in"; path = Image.bundle; sourceTree = "<group>"; };
		6ABE963D1EB09F7F005961C5 /* AlbumTableViewCell.swift */ = {isa = PBXFileReference; fileEncoding = 4; lastKnownFileType = sourcecode.swift; path = AlbumTableViewCell.swift; sourceTree = "<group>"; };
		6ABE963E1EB09F7F005961C5 /* CameraView.swift */ = {isa = PBXFileReference; fileEncoding = 4; lastKnownFileType = sourcecode.swift; path = CameraView.swift; sourceTree = "<group>"; };
		6ABE963F1EB09F7F005961C5 /* ImagePickerTitleView.swift */ = {isa = PBXFileReference; fileEncoding = 4; lastKnownFileType = sourcecode.swift; path = ImagePickerTitleView.swift; sourceTree = "<group>"; };
		6ABE96401EB09F7F005961C5 /* NavigationBar.swift */ = {isa = PBXFileReference; fileEncoding = 4; lastKnownFileType = sourcecode.swift; path = NavigationBar.swift; sourceTree = "<group>"; };
		6ABE96411EB09F7F005961C5 /* PhotoCollectionViewCell.swift */ = {isa = PBXFileReference; fileEncoding = 4; lastKnownFileType = sourcecode.swift; path = PhotoCollectionViewCell.swift; sourceTree = "<group>"; };
		6ABE96541EB09FFF005961C5 /* Alamofire.framework */ = {isa = PBXFileReference; lastKnownFileType = wrapper.framework; name = Alamofire.framework; path = framework/Alamofire.framework; sourceTree = "<group>"; };
		6ABE96551EB09FFF005961C5 /* ObjectMapper.framework */ = {isa = PBXFileReference; lastKnownFileType = wrapper.framework; name = ObjectMapper.framework; path = framework/ObjectMapper.framework; sourceTree = "<group>"; };
		6ABE96561EB09FFF005961C5 /* RxSwift.framework */ = {isa = PBXFileReference; lastKnownFileType = wrapper.framework; name = RxSwift.framework; path = framework/RxSwift.framework; sourceTree = "<group>"; };
		6ABE965A1EB0A056005961C5 /* RxCocoa.framework */ = {isa = PBXFileReference; lastKnownFileType = wrapper.framework; name = RxCocoa.framework; path = framework/RxCocoa.framework; sourceTree = "<group>"; };
		6ABE965C1EB0A062005961C5 /* KeychainAccess.framework */ = {isa = PBXFileReference; lastKnownFileType = wrapper.framework; name = KeychainAccess.framework; path = framework/KeychainAccess.framework; sourceTree = "<group>"; };
		6ABE965D1EB0A062005961C5 /* YYCache.framework */ = {isa = PBXFileReference; lastKnownFileType = wrapper.framework; name = YYCache.framework; path = framework/YYCache.framework; sourceTree = "<group>"; };
/* End PBXFileReference section */

/* Begin PBXFrameworksBuildPhase section */
		6ABE95ED1EB09EF0005961C5 /* Frameworks */ = {
			isa = PBXFrameworksBuildPhase;
			buildActionMask = 2147483647;
			files = (
			);
			runOnlyForDeploymentPostprocessing = 0;
		};
		6ABE95FD1EB09F35005961C5 /* Frameworks */ = {
			isa = PBXFrameworksBuildPhase;
			buildActionMask = 2147483647;
			files = (
			);
			runOnlyForDeploymentPostprocessing = 0;
		};
		6ABE96121EB09F54005961C5 /* Frameworks */ = {
			isa = PBXFrameworksBuildPhase;
			buildActionMask = 2147483647;
			files = (
			);
			runOnlyForDeploymentPostprocessing = 0;
		};
		6ABE96211EB09F73005961C5 /* Frameworks */ = {
			isa = PBXFrameworksBuildPhase;
			buildActionMask = 2147483647;
			files = (
			);
			runOnlyForDeploymentPostprocessing = 0;
		};
/* End PBXFrameworksBuildPhase section */

/* Begin PBXGroup section */
		6A48C2871EB1F06300ACE032 /* Const */ = {
			isa = PBXGroup;
			children = (
			);
			path = Const;
			sourceTree = "<group>";
		};
		6A48C2881EB1F06300ACE032 /* UI */ = {
			isa = PBXGroup;
			children = (
				6A48C2891EB1F08100ACE032 /* PKLabel.swift */,
				6A48C28B1EB1F11A00ACE032 /* PKTextView.swift */,
			);
			path = UI;
			sourceTree = "<group>";
		};
		6ABE95E71EB09EF0005961C5 = {
			isa = PBXGroup;
			children = (
				6ABE95F31EB09EF0005961C5 /* playkit */,
				6ABE96021EB09F35005961C5 /* networkservice */,
				6ABE96171EB09F54005961C5 /* cacheservice */,
				6ABE96261EB09F73005961C5 /* imagepicker */,
				6ABE95F21EB09EF0005961C5 /* Products */,
				6ABE96531EB09FFD005961C5 /* Frameworks */,
			);
			sourceTree = "<group>";
		};
		6ABE95F21EB09EF0005961C5 /* Products */ = {
			isa = PBXGroup;
			children = (
				6ABE95F11EB09EF0005961C5 /* playkit.framework */,
				6ABE96011EB09F35005961C5 /* NetworkService.framework */,
				6ABE96161EB09F54005961C5 /* CacheService.framework */,
				6ABE96251EB09F73005961C5 /* ImagePicker.framework */,
			);
			name = Products;
			sourceTree = "<group>";
		};
		6ABE95F31EB09EF0005961C5 /* playkit */ = {
			isa = PBXGroup;
			children = (
				6A48C2871EB1F06300ACE032 /* Const */,
				6A48C2881EB1F06300ACE032 /* UI */,
				6ABE95F41EB09EF0005961C5 /* playkit.h */,
				6ABE95F51EB09EF0005961C5 /* Info.plist */,
			);
			path = playkit;
			sourceTree = "<group>";
		};
		6ABE96021EB09F35005961C5 /* networkservice */ = {
			isa = PBXGroup;
			children = (
				6ABE96031EB09F35005961C5 /* networkservice.h */,
				6ABE96041EB09F35005961C5 /* Info.plist */,
				6ABE96091EB09F41005961C5 /* DownloadClient.swift */,
				6ABE960A1EB09F41005961C5 /* NetworkClient.swift */,
				6ABE960B1EB09F41005961C5 /* RequestEntity.swift */,
				6ABE960C1EB09F41005961C5 /* RxAlamofire.swift */,
			);
			path = networkservice;
			sourceTree = "<group>";
		};
		6ABE96171EB09F54005961C5 /* cacheservice */ = {
			isa = PBXGroup;
			children = (
				6ABE961E1EB09F5F005961C5 /* CacheClient.swift */,
				6ABE96181EB09F54005961C5 /* cacheservice.h */,
				6ABE96191EB09F54005961C5 /* Info.plist */,
			);
			path = cacheservice;
			sourceTree = "<group>";
		};
		6ABE96261EB09F73005961C5 /* imagepicker */ = {
			isa = PBXGroup;
			children = (
				6ABE96271EB09F73005961C5 /* imagepicker.h */,
				6ABE96281EB09F73005961C5 /* Info.plist */,
				6ABE962D1EB09F7F005961C5 /* AlbumViewController.swift */,
				6ABE962E1EB09F7F005961C5 /* CameraViewController.swift */,
				6ABE962F1EB09F7F005961C5 /* Classes */,
				6ABE96341EB09F7F005961C5 /* General */,
				6ABE96381EB09F7F005961C5 /* ImagePickerViewController.swift */,
				6ABE96391EB09F7F005961C5 /* PhotoViewController.swift */,
				6ABE963A1EB09F7F005961C5 /* Resource */,
				6ABE963C1EB09F7F005961C5 /* Views */,
			);
			path = imagepicker;
			sourceTree = "<group>";
		};
		6ABE962F1EB09F7F005961C5 /* Classes */ = {
			isa = PBXGroup;
			children = (
				6ABE96301EB09F7F005961C5 /* AlbumManager.swift */,
				6ABE96311EB09F7F005961C5 /* ImagePickerConfig.swift */,
				6ABE96321EB09F7F005961C5 /* ImagePickerModel.swift */,
				6ABE96331EB09F7F005961C5 /* PhotoViewModel.swift */,
			);
			path = Classes;
			sourceTree = "<group>";
		};
		6ABE96341EB09F7F005961C5 /* General */ = {
			isa = PBXGroup;
			children = (
				6ABE96351EB09F7F005961C5 /* UIImage+ImagePicker.swift */,
				6ABE96361EB09F7F005961C5 /* ValueObserver.swift */,
				6ABE96371EB09F7F005961C5 /* VLFMaker.swift */,
			);
			path = General;
			sourceTree = "<group>";
		};
		6ABE963A1EB09F7F005961C5 /* Resource */ = {
			isa = PBXGroup;
			children = (
				6ABE963B1EB09F7F005961C5 /* Image.bundle */,
			);
			path = Resource;
			sourceTree = "<group>";
		};
		6ABE963C1EB09F7F005961C5 /* Views */ = {
			isa = PBXGroup;
			children = (
				6ABE963D1EB09F7F005961C5 /* AlbumTableViewCell.swift */,
				6ABE963E1EB09F7F005961C5 /* CameraView.swift */,
				6ABE963F1EB09F7F005961C5 /* ImagePickerTitleView.swift */,
				6ABE96401EB09F7F005961C5 /* NavigationBar.swift */,
				6ABE96411EB09F7F005961C5 /* PhotoCollectionViewCell.swift */,
			);
			path = Views;
			sourceTree = "<group>";
		};
		6ABE96531EB09FFD005961C5 /* Frameworks */ = {
			isa = PBXGroup;
			children = (
				6ABE965C1EB0A062005961C5 /* KeychainAccess.framework */,
				6ABE965D1EB0A062005961C5 /* YYCache.framework */,
				6ABE965A1EB0A056005961C5 /* RxCocoa.framework */,
				6ABE96541EB09FFF005961C5 /* Alamofire.framework */,
				6ABE96551EB09FFF005961C5 /* ObjectMapper.framework */,
				6ABE96561EB09FFF005961C5 /* RxSwift.framework */,
			);
			name = Frameworks;
			sourceTree = "<group>";
		};
/* End PBXGroup section */

/* Begin PBXHeadersBuildPhase section */
		6ABE95EE1EB09EF0005961C5 /* Headers */ = {
			isa = PBXHeadersBuildPhase;
			buildActionMask = 2147483647;
			files = (
				6ABE95F61EB09EF0005961C5 /* playkit.h in Headers */,
			);
			runOnlyForDeploymentPostprocessing = 0;
		};
		6ABE95FE1EB09F35005961C5 /* Headers */ = {
			isa = PBXHeadersBuildPhase;
			buildActionMask = 2147483647;
			files = (
				6ABE96051EB09F35005961C5 /* networkservice.h in Headers */,
			);
			runOnlyForDeploymentPostprocessing = 0;
		};
		6ABE96131EB09F54005961C5 /* Headers */ = {
			isa = PBXHeadersBuildPhase;
			buildActionMask = 2147483647;
			files = (
				6ABE961A1EB09F54005961C5 /* cacheservice.h in Headers */,
			);
			runOnlyForDeploymentPostprocessing = 0;
		};
		6ABE96221EB09F73005961C5 /* Headers */ = {
			isa = PBXHeadersBuildPhase;
			buildActionMask = 2147483647;
			files = (
				6ABE96291EB09F73005961C5 /* imagepicker.h in Headers */,
			);
			runOnlyForDeploymentPostprocessing = 0;
		};
/* End PBXHeadersBuildPhase section */

/* Begin PBXNativeTarget section */
		6ABE95F01EB09EF0005961C5 /* playkit */ = {
			isa = PBXNativeTarget;
			buildConfigurationList = 6ABE95F91EB09EF0005961C5 /* Build configuration list for PBXNativeTarget "playkit" */;
			buildPhases = (
				6ABE95EC1EB09EF0005961C5 /* Sources */,
				6ABE95ED1EB09EF0005961C5 /* Frameworks */,
				6ABE95EE1EB09EF0005961C5 /* Headers */,
				6ABE95EF1EB09EF0005961C5 /* Resources */,
			);
			buildRules = (
			);
			dependencies = (
			);
			name = playkit;
			productName = playkit;
			productReference = 6ABE95F11EB09EF0005961C5 /* playkit.framework */;
			productType = "com.apple.product-type.framework";
		};
		6ABE96001EB09F35005961C5 /* NetworkService */ = {
			isa = PBXNativeTarget;
			buildConfigurationList = 6ABE96081EB09F35005961C5 /* Build configuration list for PBXNativeTarget "NetworkService" */;
			buildPhases = (
				6ABE95FC1EB09F35005961C5 /* Sources */,
				6ABE95FD1EB09F35005961C5 /* Frameworks */,
				6ABE95FE1EB09F35005961C5 /* Headers */,
				6ABE95FF1EB09F35005961C5 /* Resources */,
			);
			buildRules = (
			);
			dependencies = (
			);
			name = NetworkService;
			productName = networkservice;
			productReference = 6ABE96011EB09F35005961C5 /* NetworkService.framework */;
			productType = "com.apple.product-type.framework";
		};
		6ABE96151EB09F54005961C5 /* CacheService */ = {
			isa = PBXNativeTarget;
			buildConfigurationList = 6ABE961B1EB09F54005961C5 /* Build configuration list for PBXNativeTarget "CacheService" */;
			buildPhases = (
				6ABE96111EB09F54005961C5 /* Sources */,
				6ABE96121EB09F54005961C5 /* Frameworks */,
				6ABE96131EB09F54005961C5 /* Headers */,
				6ABE96141EB09F54005961C5 /* Resources */,
			);
			buildRules = (
			);
			dependencies = (
			);
			name = CacheService;
			productName = cacheservice;
			productReference = 6ABE96161EB09F54005961C5 /* CacheService.framework */;
			productType = "com.apple.product-type.framework";
		};
		6ABE96241EB09F73005961C5 /* ImagePicker */ = {
			isa = PBXNativeTarget;
			buildConfigurationList = 6ABE962A1EB09F73005961C5 /* Build configuration list for PBXNativeTarget "ImagePicker" */;
			buildPhases = (
				6ABE96201EB09F73005961C5 /* Sources */,
				6ABE96211EB09F73005961C5 /* Frameworks */,
				6ABE96221EB09F73005961C5 /* Headers */,
				6ABE96231EB09F73005961C5 /* Resources */,
			);
			buildRules = (
			);
			dependencies = (
			);
			name = ImagePicker;
			productName = imagepicker;
			productReference = 6ABE96251EB09F73005961C5 /* ImagePicker.framework */;
			productType = "com.apple.product-type.framework";
		};
/* End PBXNativeTarget section */

/* Begin PBXProject section */
		6ABE95E81EB09EF0005961C5 /* Project object */ = {
			isa = PBXProject;
			attributes = {
				LastUpgradeCheck = 0830;
				ORGANIZATIONNAME = Tbxark;
				TargetAttributes = {
					6ABE95F01EB09EF0005961C5 = {
						CreatedOnToolsVersion = 8.3.1;
						DevelopmentTeam = 858CBVXSWP;
						LastSwiftMigration = 0830;
						ProvisioningStyle = Automatic;
					};
					6ABE96001EB09F35005961C5 = {
						CreatedOnToolsVersion = 8.3.1;
						DevelopmentTeam = 858CBVXSWP;
						LastSwiftMigration = 0830;
						ProvisioningStyle = Automatic;
					};
					6ABE96151EB09F54005961C5 = {
						CreatedOnToolsVersion = 8.3.1;
						DevelopmentTeam = 858CBVXSWP;
						LastSwiftMigration = 0830;
						ProvisioningStyle = Automatic;
					};
					6ABE96241EB09F73005961C5 = {
						CreatedOnToolsVersion = 8.3.1;
						DevelopmentTeam = 858CBVXSWP;
						LastSwiftMigration = 0830;
						ProvisioningStyle = Automatic;
					};
				};
			};
			buildConfigurationList = 6ABE95EB1EB09EF0005961C5 /* Build configuration list for PBXProject "playkit" */;
			compatibilityVersion = "Xcode 3.2";
			developmentRegion = English;
			hasScannedForEncodings = 0;
			knownRegions = (
				en,
			);
			mainGroup = 6ABE95E71EB09EF0005961C5;
			productRefGroup = 6ABE95F21EB09EF0005961C5 /* Products */;
			projectDirPath = "";
			projectRoot = "";
			targets = (
				6ABE95F01EB09EF0005961C5 /* playkit */,
				6ABE96001EB09F35005961C5 /* NetworkService */,
				6ABE96151EB09F54005961C5 /* CacheService */,
				6ABE96241EB09F73005961C5 /* ImagePicker */,
			);
		};
/* End PBXProject section */

/* Begin PBXResourcesBuildPhase section */
		6ABE95EF1EB09EF0005961C5 /* Resources */ = {
			isa = PBXResourcesBuildPhase;
			buildActionMask = 2147483647;
			files = (
			);
			runOnlyForDeploymentPostprocessing = 0;
		};
		6ABE95FF1EB09F35005961C5 /* Resources */ = {
			isa = PBXResourcesBuildPhase;
			buildActionMask = 2147483647;
			files = (
			);
			runOnlyForDeploymentPostprocessing = 0;
		};
		6ABE96141EB09F54005961C5 /* Resources */ = {
			isa = PBXResourcesBuildPhase;
			buildActionMask = 2147483647;
			files = (
			);
			runOnlyForDeploymentPostprocessing = 0;
		};
		6ABE96231EB09F73005961C5 /* Resources */ = {
			isa = PBXResourcesBuildPhase;
			buildActionMask = 2147483647;
			files = (
				6ABE964D1EB09F7F005961C5 /* Image.bundle in Resources */,
			);
			runOnlyForDeploymentPostprocessing = 0;
		};
/* End PBXResourcesBuildPhase section */

/* Begin PBXSourcesBuildPhase section */
		6ABE95EC1EB09EF0005961C5 /* Sources */ = {
			isa = PBXSourcesBuildPhase;
			buildActionMask = 2147483647;
			files = (
				6A48C28C1EB1F11A00ACE032 /* PKTextView.swift in Sources */,
				6A48C28A1EB1F08100ACE032 /* PKLabel.swift in Sources */,
			);
			runOnlyForDeploymentPostprocessing = 0;
		};
		6ABE95FC1EB09F35005961C5 /* Sources */ = {
			isa = PBXSourcesBuildPhase;
			buildActionMask = 2147483647;
			files = (
				6ABE960D1EB09F41005961C5 /* DownloadClient.swift in Sources */,
				6ABE960F1EB09F41005961C5 /* RequestEntity.swift in Sources */,
				6ABE96101EB09F41005961C5 /* RxAlamofire.swift in Sources */,
				6ABE960E1EB09F41005961C5 /* NetworkClient.swift in Sources */,
			);
			runOnlyForDeploymentPostprocessing = 0;
		};
		6ABE96111EB09F54005961C5 /* Sources */ = {
			isa = PBXSourcesBuildPhase;
			buildActionMask = 2147483647;
			files = (
				6ABE961F1EB09F5F005961C5 /* CacheClient.swift in Sources */,
			);
			runOnlyForDeploymentPostprocessing = 0;
		};
		6ABE96201EB09F73005961C5 /* Sources */ = {
			isa = PBXSourcesBuildPhase;
			buildActionMask = 2147483647;
			files = (
				6ABE96421EB09F7F005961C5 /* AlbumViewController.swift in Sources */,
				6ABE96481EB09F7F005961C5 /* UIImage+ImagePicker.swift in Sources */,
				6ABE964F1EB09F7F005961C5 /* CameraView.swift in Sources */,
				6ABE96471EB09F7F005961C5 /* PhotoViewModel.swift in Sources */,
				6ABE96491EB09F7F005961C5 /* ValueObserver.swift in Sources */,
				6ABE96511EB09F7F005961C5 /* NavigationBar.swift in Sources */,
				6ABE96451EB09F7F005961C5 /* ImagePickerConfig.swift in Sources */,
				6ABE96431EB09F7F005961C5 /* CameraViewController.swift in Sources */,
				6ABE964B1EB09F7F005961C5 /* ImagePickerViewController.swift in Sources */,
				6ABE96521EB09F7F005961C5 /* PhotoCollectionViewCell.swift in Sources */,
				6ABE96441EB09F7F005961C5 /* AlbumManager.swift in Sources */,
				6ABE96461EB09F7F005961C5 /* ImagePickerModel.swift in Sources */,
				6ABE964A1EB09F7F005961C5 /* VLFMaker.swift in Sources */,
				6ABE964C1EB09F7F005961C5 /* PhotoViewController.swift in Sources */,
				6ABE964E1EB09F7F005961C5 /* AlbumTableViewCell.swift in Sources */,
				6ABE96501EB09F7F005961C5 /* ImagePickerTitleView.swift in Sources */,
			);
			runOnlyForDeploymentPostprocessing = 0;
		};
/* End PBXSourcesBuildPhase section */

/* Begin XCBuildConfiguration section */
		6ABE95F71EB09EF0005961C5 /* Debug */ = {
			isa = XCBuildConfiguration;
			buildSettings = {
				ALWAYS_SEARCH_USER_PATHS = NO;
				CLANG_ANALYZER_NONNULL = YES;
				CLANG_ANALYZER_NUMBER_OBJECT_CONVERSION = YES_AGGRESSIVE;
				CLANG_CXX_LANGUAGE_STANDARD = "gnu++0x";
				CLANG_CXX_LIBRARY = "libc++";
				CLANG_ENABLE_MODULES = YES;
				CLANG_ENABLE_OBJC_ARC = YES;
				CLANG_WARN_BOOL_CONVERSION = YES;
				CLANG_WARN_CONSTANT_CONVERSION = YES;
				CLANG_WARN_DIRECT_OBJC_ISA_USAGE = YES_ERROR;
				CLANG_WARN_DOCUMENTATION_COMMENTS = YES;
				CLANG_WARN_EMPTY_BODY = YES;
				CLANG_WARN_ENUM_CONVERSION = YES;
				CLANG_WARN_INFINITE_RECURSION = YES;
				CLANG_WARN_INT_CONVERSION = YES;
				CLANG_WARN_OBJC_ROOT_CLASS = YES_ERROR;
				CLANG_WARN_SUSPICIOUS_MOVE = YES;
				CLANG_WARN_UNREACHABLE_CODE = YES;
				CLANG_WARN__DUPLICATE_METHOD_MATCH = YES;
				"CODE_SIGN_IDENTITY[sdk=iphoneos*]" = "iPhone Developer";
				COPY_PHASE_STRIP = NO;
				CURRENT_PROJECT_VERSION = 1;
				DEBUG_INFORMATION_FORMAT = dwarf;
				ENABLE_STRICT_OBJC_MSGSEND = YES;
				ENABLE_TESTABILITY = YES;
				GCC_C_LANGUAGE_STANDARD = gnu99;
				GCC_DYNAMIC_NO_PIC = NO;
				GCC_NO_COMMON_BLOCKS = YES;
				GCC_OPTIMIZATION_LEVEL = 0;
				GCC_PREPROCESSOR_DEFINITIONS = (
					"DEBUG=1",
					"$(inherited)",
				);
				GCC_WARN_64_TO_32_BIT_CONVERSION = YES;
				GCC_WARN_ABOUT_RETURN_TYPE = YES_ERROR;
				GCC_WARN_UNDECLARED_SELECTOR = YES;
				GCC_WARN_UNINITIALIZED_AUTOS = YES_AGGRESSIVE;
				GCC_WARN_UNUSED_FUNCTION = YES;
				GCC_WARN_UNUSED_VARIABLE = YES;
				IPHONEOS_DEPLOYMENT_TARGET = 10.3;
				MTL_ENABLE_DEBUG_INFO = YES;
				ONLY_ACTIVE_ARCH = YES;
				SDKROOT = iphoneos;
				SWIFT_ACTIVE_COMPILATION_CONDITIONS = DEBUG;
				SWIFT_OPTIMIZATION_LEVEL = "-Onone";
				TARGETED_DEVICE_FAMILY = "1,2";
				VERSIONING_SYSTEM = "apple-generic";
				VERSION_INFO_PREFIX = "";
			};
			name = Debug;
		};
		6ABE95F81EB09EF0005961C5 /* Release */ = {
			isa = XCBuildConfiguration;
			buildSettings = {
				ALWAYS_SEARCH_USER_PATHS = NO;
				CLANG_ANALYZER_NONNULL = YES;
				CLANG_ANALYZER_NUMBER_OBJECT_CONVERSION = YES_AGGRESSIVE;
				CLANG_CXX_LANGUAGE_STANDARD = "gnu++0x";
				CLANG_CXX_LIBRARY = "libc++";
				CLANG_ENABLE_MODULES = YES;
				CLANG_ENABLE_OBJC_ARC = YES;
				CLANG_WARN_BOOL_CONVERSION = YES;
				CLANG_WARN_CONSTANT_CONVERSION = YES;
				CLANG_WARN_DIRECT_OBJC_ISA_USAGE = YES_ERROR;
				CLANG_WARN_DOCUMENTATION_COMMENTS = YES;
				CLANG_WARN_EMPTY_BODY = YES;
				CLANG_WARN_ENUM_CONVERSION = YES;
				CLANG_WARN_INFINITE_RECURSION = YES;
				CLANG_WARN_INT_CONVERSION = YES;
				CLANG_WARN_OBJC_ROOT_CLASS = YES_ERROR;
				CLANG_WARN_SUSPICIOUS_MOVE = YES;
				CLANG_WARN_UNREACHABLE_CODE = YES;
				CLANG_WARN__DUPLICATE_METHOD_MATCH = YES;
				"CODE_SIGN_IDENTITY[sdk=iphoneos*]" = "iPhone Developer";
				COPY_PHASE_STRIP = NO;
				CURRENT_PROJECT_VERSION = 1;
				DEBUG_INFORMATION_FORMAT = "dwarf-with-dsym";
				ENABLE_NS_ASSERTIONS = NO;
				ENABLE_STRICT_OBJC_MSGSEND = YES;
				GCC_C_LANGUAGE_STANDARD = gnu99;
				GCC_NO_COMMON_BLOCKS = YES;
				GCC_WARN_64_TO_32_BIT_CONVERSION = YES;
				GCC_WARN_ABOUT_RETURN_TYPE = YES_ERROR;
				GCC_WARN_UNDECLARED_SELECTOR = YES;
				GCC_WARN_UNINITIALIZED_AUTOS = YES_AGGRESSIVE;
				GCC_WARN_UNUSED_FUNCTION = YES;
				GCC_WARN_UNUSED_VARIABLE = YES;
				IPHONEOS_DEPLOYMENT_TARGET = 10.3;
				MTL_ENABLE_DEBUG_INFO = NO;
				SDKROOT = iphoneos;
				SWIFT_OPTIMIZATION_LEVEL = "-Owholemodule";
				TARGETED_DEVICE_FAMILY = "1,2";
				VALIDATE_PRODUCT = YES;
				VERSIONING_SYSTEM = "apple-generic";
				VERSION_INFO_PREFIX = "";
			};
			name = Release;
		};
		6ABE95FA1EB09EF0005961C5 /* Debug */ = {
			isa = XCBuildConfiguration;
			buildSettings = {
				CLANG_ENABLE_MODULES = YES;
				CODE_SIGN_IDENTITY = "";
				DEFINES_MODULE = YES;
				DEVELOPMENT_TEAM = 858CBVXSWP;
				DYLIB_COMPATIBILITY_VERSION = 1;
				DYLIB_CURRENT_VERSION = 1;
				DYLIB_INSTALL_NAME_BASE = "@rpath";
				INFOPLIST_FILE = playkit/Info.plist;
				INSTALL_PATH = "$(LOCAL_LIBRARY_DIR)/Frameworks";
				LD_RUNPATH_SEARCH_PATHS = "$(inherited) @executable_path/Frameworks @loader_path/Frameworks";
				PRODUCT_BUNDLE_IDENTIFIER = com.play.playkit;
				PRODUCT_NAME = "$(TARGET_NAME)";
				SKIP_INSTALL = YES;
				SWIFT_OPTIMIZATION_LEVEL = "-Onone";
				SWIFT_VERSION = 3.0;
			};
			name = Debug;
		};
		6ABE95FB1EB09EF0005961C5 /* Release */ = {
			isa = XCBuildConfiguration;
			buildSettings = {
				CLANG_ENABLE_MODULES = YES;
				CODE_SIGN_IDENTITY = "";
				DEFINES_MODULE = YES;
				DEVELOPMENT_TEAM = 858CBVXSWP;
				DYLIB_COMPATIBILITY_VERSION = 1;
				DYLIB_CURRENT_VERSION = 1;
				DYLIB_INSTALL_NAME_BASE = "@rpath";
				INFOPLIST_FILE = playkit/Info.plist;
				INSTALL_PATH = "$(LOCAL_LIBRARY_DIR)/Frameworks";
				LD_RUNPATH_SEARCH_PATHS = "$(inherited) @executable_path/Frameworks @loader_path/Frameworks";
				PRODUCT_BUNDLE_IDENTIFIER = com.play.playkit;
				PRODUCT_NAME = "$(TARGET_NAME)";
				SKIP_INSTALL = YES;
				SWIFT_VERSION = 3.0;
			};
			name = Release;
		};
		6ABE96061EB09F35005961C5 /* Debug */ = {
			isa = XCBuildConfiguration;
			buildSettings = {
				CLANG_ENABLE_MODULES = YES;
				CODE_SIGN_IDENTITY = "";
				DEFINES_MODULE = YES;
				DEVELOPMENT_TEAM = 858CBVXSWP;
				DYLIB_COMPATIBILITY_VERSION = 1;
				DYLIB_CURRENT_VERSION = 1;
				DYLIB_INSTALL_NAME_BASE = "@rpath";
				FRAMEWORK_SEARCH_PATHS = (
					"$(inherited)",
					"$(PROJECT_DIR)/framework",
				);
				INFOPLIST_FILE = networkservice/Info.plist;
				INSTALL_PATH = "$(LOCAL_LIBRARY_DIR)/Frameworks";
				IPHONEOS_DEPLOYMENT_TARGET = 8.0;
				LD_RUNPATH_SEARCH_PATHS = "$(inherited) @executable_path/Frameworks @loader_path/Frameworks";
				PRODUCT_BUNDLE_IDENTIFIER = com.play.networkservice;
				PRODUCT_NAME = "$(TARGET_NAME)";
				SKIP_INSTALL = YES;
				SWIFT_OPTIMIZATION_LEVEL = "-Onone";
				SWIFT_VERSION = 3.0;
			};
			name = Debug;
		};
		6ABE96071EB09F35005961C5 /* Release */ = {
			isa = XCBuildConfiguration;
			buildSettings = {
				CLANG_ENABLE_MODULES = YES;
				CODE_SIGN_IDENTITY = "";
				DEFINES_MODULE = YES;
				DEVELOPMENT_TEAM = 858CBVXSWP;
				DYLIB_COMPATIBILITY_VERSION = 1;
				DYLIB_CURRENT_VERSION = 1;
				DYLIB_INSTALL_NAME_BASE = "@rpath";
				FRAMEWORK_SEARCH_PATHS = (
					"$(inherited)",
					"$(PROJECT_DIR)/framework",
				);
				INFOPLIST_FILE = networkservice/Info.plist;
				INSTALL_PATH = "$(LOCAL_LIBRARY_DIR)/Frameworks";
				IPHONEOS_DEPLOYMENT_TARGET = 8.0;
				LD_RUNPATH_SEARCH_PATHS = "$(inherited) @executable_path/Frameworks @loader_path/Frameworks";
				PRODUCT_BUNDLE_IDENTIFIER = com.play.networkservice;
				PRODUCT_NAME = "$(TARGET_NAME)";
				SKIP_INSTALL = YES;
				SWIFT_VERSION = 3.0;
			};
			name = Release;
		};
		6ABE961C1EB09F54005961C5 /* Debug */ = {
			isa = XCBuildConfiguration;
			buildSettings = {
				CLANG_ENABLE_MODULES = YES;
				CODE_SIGN_IDENTITY = "";
				DEFINES_MODULE = YES;
				DEVELOPMENT_TEAM = 858CBVXSWP;
				DYLIB_COMPATIBILITY_VERSION = 1;
				DYLIB_CURRENT_VERSION = 1;
				DYLIB_INSTALL_NAME_BASE = "@rpath";
				FRAMEWORK_SEARCH_PATHS = (
					"$(inherited)",
					"$(PROJECT_DIR)/framework",
				);
				INFOPLIST_FILE = cacheservice/Info.plist;
				INSTALL_PATH = "$(LOCAL_LIBRARY_DIR)/Frameworks";
				IPHONEOS_DEPLOYMENT_TARGET = 8.0;
				LD_RUNPATH_SEARCH_PATHS = "$(inherited) @executable_path/Frameworks @loader_path/Frameworks";
				PRODUCT_BUNDLE_IDENTIFIER = com.play.cacheservice;
				PRODUCT_NAME = "$(TARGET_NAME)";
				SKIP_INSTALL = YES;
				SWIFT_OPTIMIZATION_LEVEL = "-Onone";
				SWIFT_VERSION = 3.0;
			};
			name = Debug;
		};
		6ABE961D1EB09F54005961C5 /* Release */ = {
			isa = XCBuildConfiguration;
			buildSettings = {
				CLANG_ENABLE_MODULES = YES;
				CODE_SIGN_IDENTITY = "";
				DEFINES_MODULE = YES;
				DEVELOPMENT_TEAM = 858CBVXSWP;
				DYLIB_COMPATIBILITY_VERSION = 1;
				DYLIB_CURRENT_VERSION = 1;
				DYLIB_INSTALL_NAME_BASE = "@rpath";
				FRAMEWORK_SEARCH_PATHS = (
					"$(inherited)",
					"$(PROJECT_DIR)/framework",
				);
				INFOPLIST_FILE = cacheservice/Info.plist;
				INSTALL_PATH = "$(LOCAL_LIBRARY_DIR)/Frameworks";
				IPHONEOS_DEPLOYMENT_TARGET = 8.0;
				LD_RUNPATH_SEARCH_PATHS = "$(inherited) @executable_path/Frameworks @loader_path/Frameworks";
				PRODUCT_BUNDLE_IDENTIFIER = com.play.cacheservice;
				PRODUCT_NAME = "$(TARGET_NAME)";
				SKIP_INSTALL = YES;
				SWIFT_VERSION = 3.0;
			};
			name = Release;
		};
		6ABE962B1EB09F73005961C5 /* Debug */ = {
			isa = XCBuildConfiguration;
			buildSettings = {
				CLANG_ENABLE_MODULES = YES;
				CODE_SIGN_IDENTITY = "";
				DEFINES_MODULE = YES;
				DEVELOPMENT_TEAM = 858CBVXSWP;
				DYLIB_COMPATIBILITY_VERSION = 1;
				DYLIB_CURRENT_VERSION = 1;
				DYLIB_INSTALL_NAME_BASE = "@rpath";
				INFOPLIST_FILE = imagepicker/Info.plist;
				INSTALL_PATH = "$(LOCAL_LIBRARY_DIR)/Frameworks";
				IPHONEOS_DEPLOYMENT_TARGET = 8.0;
				LD_RUNPATH_SEARCH_PATHS = "$(inherited) @executable_path/Frameworks @loader_path/Frameworks";
				PRODUCT_BUNDLE_IDENTIFIER = com.play.imagepicker;
				PRODUCT_NAME = "$(TARGET_NAME)";
				SKIP_INSTALL = YES;
				SWIFT_OPTIMIZATION_LEVEL = "-Onone";
				SWIFT_VERSION = 3.0;
			};
			name = Debug;
		};
		6ABE962C1EB09F73005961C5 /* Release */ = {
			isa = XCBuildConfiguration;
			buildSettings = {
				CLANG_ENABLE_MODULES = YES;
				CODE_SIGN_IDENTITY = "";
				DEFINES_MODULE = YES;
				DEVELOPMENT_TEAM = 858CBVXSWP;
				DYLIB_COMPATIBILITY_VERSION = 1;
				DYLIB_CURRENT_VERSION = 1;
				DYLIB_INSTALL_NAME_BASE = "@rpath";
				INFOPLIST_FILE = imagepicker/Info.plist;
				INSTALL_PATH = "$(LOCAL_LIBRARY_DIR)/Frameworks";
				IPHONEOS_DEPLOYMENT_TARGET = 8.0;
				LD_RUNPATH_SEARCH_PATHS = "$(inherited) @executable_path/Frameworks @loader_path/Frameworks";
				PRODUCT_BUNDLE_IDENTIFIER = com.play.imagepicker;
				PRODUCT_NAME = "$(TARGET_NAME)";
				SKIP_INSTALL = YES;
				SWIFT_VERSION = 3.0;
			};
			name = Release;
		};
/* End XCBuildConfiguration section */

/* Begin XCConfigurationList section */
		6ABE95EB1EB09EF0005961C5 /* Build configuration list for PBXProject "playkit" */ = {
			isa = XCConfigurationList;
			buildConfigurations = (
				6ABE95F71EB09EF0005961C5 /* Debug */,
				6ABE95F81EB09EF0005961C5 /* Release */,
			);
			defaultConfigurationIsVisible = 0;
			defaultConfigurationName = Release;
		};
		6ABE95F91EB09EF0005961C5 /* Build configuration list for PBXNativeTarget "playkit" */ = {
			isa = XCConfigurationList;
			buildConfigurations = (
				6ABE95FA1EB09EF0005961C5 /* Debug */,
				6ABE95FB1EB09EF0005961C5 /* Release */,
			);
			defaultConfigurationIsVisible = 0;
			defaultConfigurationName = Release;
		};
		6ABE96081EB09F35005961C5 /* Build configuration list for PBXNativeTarget "NetworkService" */ = {
			isa = XCConfigurationList;
			buildConfigurations = (
				6ABE96061EB09F35005961C5 /* Debug */,
				6ABE96071EB09F35005961C5 /* Release */,
			);
			defaultConfigurationIsVisible = 0;
			defaultConfigurationName = Release;
		};
		6ABE961B1EB09F54005961C5 /* Build configuration list for PBXNativeTarget "CacheService" */ = {
			isa = XCConfigurationList;
			buildConfigurations = (
				6ABE961C1EB09F54005961C5 /* Debug */,
				6ABE961D1EB09F54005961C5 /* Release */,
			);
			defaultConfigurationIsVisible = 0;
			defaultConfigurationName = Release;
		};
		6ABE962A1EB09F73005961C5 /* Build configuration list for PBXNativeTarget "ImagePicker" */ = {
			isa = XCConfigurationList;
			buildConfigurations = (
				6ABE962B1EB09F73005961C5 /* Debug */,
				6ABE962C1EB09F73005961C5 /* Release */,
			);
			defaultConfigurationIsVisible = 0;
			defaultConfigurationName = Release;
		};
/* End XCConfigurationList section */
	};
	rootObject = 6ABE95E81EB09EF0005961C5 /* Project object */;
}
